Microsoft Visual Studio Solution File, Format Version 12.00
# Visual Studio Version 17
VisualStudioVersion = 17.5.2.0
MinimumVisualStudioVersion = 10.0.40219.1
Project("{FAE04EC0-301F-11D3-BF4B-00C04F79EFBC}") = "MarkdownViewer", "MarkdownViewer\MarkdownViewer.csproj", "{0C76CD33-7FE7-0F1D-C4E4-8485746276C9}"
EndProject
Global
	GlobalSection(SolutionConfigurationPlatforms) = preSolution
		Debug|Any CPU = Debug|Any CPU
		Release|Any CPU = Release|Any CPU
	EndGlobalSection
	GlobalSection(ProjectConfigurationPlatforms) = postSolution
		{0C76CD33-7FE7-0F1D-C4E4-8485746276C9}.Debug|Any CPU.ActiveCfg = Debug|Any CPU
		{0C76CD33-7FE7-0F1D-C4E4-8485746276C9}.Debug|Any CPU.Build.0 = Debug|Any CPU
		{0C76CD33-7FE7-0F1D-C4E4-8485746276C9}.Release|Any CPU.ActiveCfg = Release|Any CPU
		{0C76CD33-7FE7-0F1D-C4E4-8485746276C9}.Release|Any CPU.Build.0 = Release|Any CPU
	EndGlobalSection
	GlobalSection(SolutionProperties) = preSolution
		HideSolutionNode = FALSE
	EndGlobalSection
	GlobalSection(ExtensibilityGlobals) = postSolution
		SolutionGuid = {7F8E59F5-ECE6-4508-83BE-915AE241BF43}
	EndGlobalSection
EndGlobal
